// !$*UTF8*$!
{
	archiveVersion = 1;
	classes = {
	};
	objectVersion = 55;
	objects = {

/* Begin PBXBuildFile section */
		ED39D8D9284994AB00C9AE54 /* DelegateImageButton.swift in Sources */ = {isa = PBXBuildFile; fileRef = ED39D8D8284994AB00C9AE54 /* DelegateImageButton.swift */; };
		ED5347442845A8A50025E27D /* AppDelegate.swift in Sources */ = {isa = PBXBuildFile; fileRef = ED5347432845A8A50025E27D /* AppDelegate.swift */; };
		ED5347462845A8A50025E27D /* SceneDelegate.swift in Sources */ = {isa = PBXBuildFile; fileRef = ED5347452845A8A50025E27D /* SceneDelegate.swift */; };
		ED5347482845A8A50025E27D /* CodeWarsVC.swift in Sources */ = {isa = PBXBuildFile; fileRef = ED5347472845A8A50025E27D /* CodeWarsVC.swift */; };
		ED53474D2845A8AA0025E27D /* Assets.xcassets in Resources */ = {isa = PBXBuildFile; fileRef = ED53474C2845A8AA0025E27D /* Assets.xcassets */; };
		ED5347502845A8AA0025E27D /* LaunchScreen.storyboard in Resources */ = {isa = PBXBuildFile; fileRef = ED53474E2845A8AA0025E27D /* LaunchScreen.storyboard */; };
		ED5347582845B7B90025E27D /* DelegateImageView.swift in Sources */ = {isa = PBXBuildFile; fileRef = ED5347572845B7B90025E27D /* DelegateImageView.swift */; };
		ED53475A2845B96C0025E27D /* DelegateLabel.swift in Sources */ = {isa = PBXBuildFile; fileRef = ED5347592845B96C0025E27D /* DelegateLabel.swift */; };
		ED53475C2845BA330025E27D /* DelegateButton.swift in Sources */ = {isa = PBXBuildFile; fileRef = ED53475B2845BA330025E27D /* DelegateButton.swift */; };
		ED5347612846C89D0025E27D /* ChooseYourSideVC.swift in Sources */ = {isa = PBXBuildFile; fileRef = ED5347602846C89D0025E27D /* ChooseYourSideVC.swift */; };
/* End PBXBuildFile section */

/* Begin PBXFileReference section */
		ED39D8D8284994AB00C9AE54 /* DelegateImageButton.swift */ = {isa = PBXFileReference; lastKnownFileType = sourcecode.swift; path = DelegateImageButton.swift; sourceTree = "<group>"; };
		ED5347402845A8A50025E27D /* Delegate.app */ = {isa = PBXFileReference; explicitFileType = wrapper.application; includeInIndex = 0; path = Delegate.app; sourceTree = BUILT_PRODUCTS_DIR; };
		ED5347432845A8A50025E27D /* AppDelegate.swift */ = {isa = PBXFileReference; lastKnownFileType = sourcecode.swift; path = AppDelegate.swift; sourceTree = "<group>"; };
		ED5347452845A8A50025E27D /* SceneDelegate.swift */ = {isa = PBXFileReference; lastKnownFileType = sourcecode.swift; path = SceneDelegate.swift; sourceTree = "<group>"; };
		ED5347472845A8A50025E27D /* CodeWarsVC.swift */ = {isa = PBXFileReference; lastKnownFileType = sourcecode.swift; path = CodeWarsVC.swift; sourceTree = "<group>"; };
		ED53474C2845A8AA0025E27D /* Assets.xcassets */ = {isa = PBXFileReference; lastKnownFileType = folder.assetcatalog; path = Assets.xcassets; sourceTree = "<group>"; };
		ED53474F2845A8AA0025E27D /* Base */ = {isa = PBXFileReference; lastKnownFileType = file.storyboard; name = Base; path = Base.lproj/LaunchScreen.storyboard; sourceTree = "<group>"; };
		ED5347512845A8AA0025E27D /* Info.plist */ = {isa = PBXFileReference; lastKnownFileType = text.plist.xml; path = Info.plist; sourceTree = "<group>"; };
		ED5347572845B7B90025E27D /* DelegateImageView.swift */ = {isa = PBXFileReference; lastKnownFileType = sourcecode.swift; path = DelegateImageView.swift; sourceTree = "<group>"; };
		ED5347592845B96C0025E27D /* DelegateLabel.swift */ = {isa = PBXFileReference; lastKnownFileType = sourcecode.swift; path = DelegateLabel.swift; sourceTree = "<group>"; };
		ED53475B2845BA330025E27D /* DelegateButton.swift */ = {isa = PBXFileReference; lastKnownFileType = sourcecode.swift; path = DelegateButton.swift; sourceTree = "<group>"; };
		ED5347602846C89D0025E27D /* ChooseYourSideVC.swift */ = {isa = PBXFileReference; lastKnownFileType = sourcecode.swift; path = ChooseYourSideVC.swift; sourceTree = "<group>"; };
/* End PBXFileReference section */

/* Begin PBXFrameworksBuildPhase section */
		ED53473D2845A8A50025E27D /* Frameworks */ = {
			isa = PBXFrameworksBuildPhase;
			buildActionMask = 2147483647;
			files = (
			);
			runOnlyForDeploymentPostprocessing = 0;
		};
/* End PBXFrameworksBuildPhase section */

/* Begin PBXGroup section */
		ED39D8D72849945500C9AE54 /* ImageView */ = {
			isa = PBXGroup;
			children = (
				ED5347572845B7B90025E27D /* DelegateImageView.swift */,
			);
			path = ImageView;
			sourceTree = "<group>";
		};
		ED39D8DA284994D000C9AE54 /* Buttons */ = {
			isa = PBXGroup;
			children = (
				ED53475B2845BA330025E27D /* DelegateButton.swift */,
				ED39D8D8284994AB00C9AE54 /* DelegateImageButton.swift */,
			);
			path = Buttons;
			sourceTree = "<group>";
		};
		ED39D8DB284994DA00C9AE54 /* Label */ = {
			isa = PBXGroup;
			children = (
				ED5347592845B96C0025E27D /* DelegateLabel.swift */,
			);
			path = Label;
			sourceTree = "<group>";
		};
		ED5347372845A8A50025E27D = {
			isa = PBXGroup;
			children = (
				ED5347422845A8A50025E27D /* Delegate */,
				ED5347412845A8A50025E27D /* Products */,
			);
			sourceTree = "<group>";
		};
		ED5347412845A8A50025E27D /* Products */ = {
			isa = PBXGroup;
			children = (
				ED5347402845A8A50025E27D /* Delegate.app */,
			);
			name = Products;
			sourceTree = "<group>";
		};
		ED5347422845A8A50025E27D /* Delegate */ = {
			isa = PBXGroup;
			children = (
				ED53475E2845BAFF0025E27D /* Screens */,
				ED53475D2845BAF60025E27D /* Views */,
				ED53475F2845BB080025E27D /* Support */,
				ED5347512845A8AA0025E27D /* Info.plist */,
			);
			path = Delegate;
			sourceTree = "<group>";
		};
		ED53475D2845BAF60025E27D /* Views */ = {
			isa = PBXGroup;
			children = (
				ED39D8D72849945500C9AE54 /* ImageView */,
				ED39D8DB284994DA00C9AE54 /* Label */,
				ED39D8DA284994D000C9AE54 /* Buttons */,
			);
			path = Views;
			sourceTree = "<group>";
		};
		ED53475E2845BAFF0025E27D /* Screens */ = {
			isa = PBXGroup;
			children = (
				ED5347472845A8A50025E27D /* CodeWarsVC.swift */,
				ED5347602846C89D0025E27D /* ChooseYourSideVC.swift */,
			);
			path = Screens;
			sourceTree = "<group>";
		};
		ED53475F2845BB080025E27D /* Support */ = {
			isa = PBXGroup;
			children = (
				ED5347432845A8A50025E27D /* AppDelegate.swift */,
				ED5347452845A8A50025E27D /* SceneDelegate.swift */,
				ED53474C2845A8AA0025E27D /* Assets.xcassets */,
				ED53474E2845A8AA0025E27D /* LaunchScreen.storyboard */,
			);
			path = Support;
			sourceTree = "<group>";
		};
/* End PBXGroup section */

/* Begin PBXNativeTarget section */
		ED53473F2845A8A50025E27D /* Delegate */ = {
			isa = PBXNativeTarget;
			buildConfigurationList = ED5347542845A8AA0025E27D /* Build configuration list for PBXNativeTarget "Delegate" */;
			buildPhases = (
				ED53473C2845A8A50025E27D /* Sources */,
				ED53473D2845A8A50025E27D /* Frameworks */,
				ED53473E2845A8A50025E27D /* Resources */,
			);
			buildRules = (
			);
			dependencies = (
			);
			name = Delegate;
			productName = Delegate;
			productReference = ED5347402845A8A50025E27D /* Delegate.app */;
			productType = "com.apple.product-type.application";
		};
/* End PBXNativeTarget section */

/* Begin PBXProject section */
		ED5347382845A8A50025E27D /* Project object */ = {
			isa = PBXProject;
			attributes = {
				BuildIndependentTargetsInParallel = 1;
				LastSwiftUpdateCheck = 1340;
				LastUpgradeCheck = 1340;
				TargetAttributes = {
					ED53473F2845A8A50025E27D = {
						CreatedOnToolsVersion = 13.4;
					};
				};
			};
			buildConfigurationList = ED53473B2845A8A50025E27D /* Build configuration list for PBXProject "Delegate" */;
			compatibilityVersion = "Xcode 13.0";
			developmentRegion = en;
			hasScannedForEncodings = 0;
			knownRegions = (
				en,
				Base,
			);
			mainGroup = ED5347372845A8A50025E27D;
			productRefGroup = ED5347412845A8A50025E27D /* Products */;
			projectDirPath = "";
			projectRoot = "";
			targets = (
				ED53473F2845A8A50025E27D /* Delegate */,
			);
		};
/* End PBXProject section */

/* Begin PBXResourcesBuildPhase section */
		ED53473E2845A8A50025E27D /* Resources */ = {
			isa = PBXResourcesBuildPhase;
			buildActionMask = 2147483647;
			files = (
				ED5347502845A8AA0025E27D /* LaunchScreen.storyboard in Resources */,
				ED53474D2845A8AA0025E27D /* Assets.xcassets in Resources */,
			);
			runOnlyForDeploymentPostprocessing = 0;
		};
/* End PBXResourcesBuildPhase section */

/* Begin PBXSourcesBuildPhase section */
		ED53473C2845A8A50025E27D /* Sources */ = {
			isa = PBXSourcesBuildPhase;
			buildActionMask = 2147483647;
			files = (
				ED5347482845A8A50025E27D /* CodeWarsVC.swift in Sources */,
				ED5347442845A8A50025E27D /* AppDelegate.swift in Sources */,
				ED5347462845A8A50025E27D /* SceneDelegate.swift in Sources */,
				ED53475A2845B96C0025E27D /* DelegateLabel.swift in Sources */,
				ED53475C2845BA330025E27D /* DelegateButton.swift in Sources */,
				ED5347612846C89D0025E27D /* ChooseYourSideVC.swift in Sources */,
				ED39D8D9284994AB00C9AE54 /* DelegateImageButton.swift in Sources */,
				ED5347582845B7B90025E27D /* DelegateImageView.swift in Sources */,
			);
			runOnlyForDeploymentPostprocessing = 0;
		};
/* End PBXSourcesBuildPhase section */

/* Begin PBXVariantGroup section */
		ED53474E2845A8AA0025E27D /* LaunchScreen.storyboard */ = {
			isa = PBXVariantGroup;
			children = (
				ED53474F2845A8AA0025E27D /* Base */,
			);
			name = LaunchScreen.storyboard;
			sourceTree = "<group>";
		};
/* End PBXVariantGroup section */

/* Begin XCBuildConfiguration section */
		ED5347522845A8AA0025E27D /* Debug */ = {
			isa = XCBuildConfiguration;
			buildSettings = {
				ALWAYS_SEARCH_USER_PATHS = NO;
				CLANG_ANALYZER_NONNULL = YES;
				CLANG_ANALYZER_NUMBER_OBJECT_CONVERSION = YES_AGGRESSIVE;
				CLANG_CXX_LANGUAGE_STANDARD = "gnu++17";
				CLANG_ENABLE_MODULES = YES;
				CLANG_ENABLE_OBJC_ARC = YES;
				CLANG_ENABLE_OBJC_WEAK = YES;
				CLANG_WARN_BLOCK_CAPTURE_AUTORELEASING = YES;
				CLANG_WARN_BOOL_CONVERSION = YES;
				CLANG_WARN_COMMA = YES;
				CLANG_WARN_CONSTANT_CONVERSION = YES;
				CLANG_WARN_DEPRECATED_OBJC_IMPLEMENTATIONS = YES;
				CLANG_WARN_DIRECT_OBJC_ISA_USAGE = YES_ERROR;
				CLANG_WARN_DOCUMENTATION_COMMENTS = YES;
				CLANG_WARN_EMPTY_BODY = YES;
				CLANG_WARN_ENUM_CONVERSION = YES;
				CLANG_WARN_INFINITE_RECURSION = YES;
				CLANG_WARN_INT_CONVERSION = YES;
				CLANG_WARN_NON_LITERAL_NULL_CONVERSION = YES;
				CLANG_WARN_OBJC_IMPLICIT_RETAIN_SELF = YES;
				CLANG_WARN_OBJC_LITERAL_CONVERSION = YES;
				CLANG_WARN_OBJC_ROOT_CLASS = YES_ERROR;
				CLANG_WARN_QUOTED_INCLUDE_IN_FRAMEWORK_HEADER = YES;
				CLANG_WARN_RANGE_LOOP_ANALYSIS = YES;
				CLANG_WARN_STRICT_PROTOTYPES = YES;
				CLANG_WARN_SUSPICIOUS_MOVE = YES;
				CLANG_WARN_UNGUARDED_AVAILABILITY = YES_AGGRESSIVE;
				CLANG_WARN_UNREACHABLE_CODE = YES;
				CLANG_WARN__DUPLICATE_METHOD_MATCH = YES;
				COPY_PHASE_STRIP = NO;
				DEBUG_INFORMATION_FORMAT = dwarf;
				ENABLE_STRICT_OBJC_MSGSEND = YES;
				ENABLE_TESTABILITY = YES;
				GCC_C_LANGUAGE_STANDARD = gnu11;
				GCC_DYNAMIC_NO_PIC = NO;
				GCC_NO_COMMON_BLOCKS = YES;
				GCC_OPTIMIZATION_LEVEL = 0;
				GCC_PREPROCESSOR_DEFINITIONS = (
					"DEBUG=1",
					"$(inherited)",
				);
				GCC_WARN_64_TO_32_BIT_CONVERSION = YES;
				GCC_WARN_ABOUT_RETURN_TYPE = YES_ERROR;
				GCC_WARN_UNDECLARED_SELECTOR = YES;
				GCC_WARN_UNINITIALIZED_AUTOS = YES_AGGRESSIVE;
				GCC_WARN_UNUSED_FUNCTION = YES;
				GCC_WARN_UNUSED_VARIABLE = YES;
				IPHONEOS_DEPLOYMENT_TARGET = 15.5;
				MTL_ENABLE_DEBUG_INFO = INCLUDE_SOURCE;
				MTL_FAST_MATH = YES;
				ONLY_ACTIVE_ARCH = YES;
				SDKROOT = iphoneos;
				SWIFT_ACTIVE_COMPILATION_CONDITIONS = DEBUG;
				SWIFT_OPTIMIZATION_LEVEL = "-Onone";
			};
			name = Debug;
		};
		ED5347532845A8AA0025E27D /* Release */ = {
			isa = XCBuildConfiguration;
			buildSettings = {
				ALWAYS_SEARCH_USER_PATHS = NO;
				CLANG_ANALYZER_NONNULL = YES;
				CLANG_ANALYZER_NUMBER_OBJECT_CONVERSION = YES_AGGRESSIVE;
				CLANG_CXX_LANGUAGE_STANDARD = "gnu++17";
				CLANG_ENABLE_MODULES = YES;
				CLANG_ENABLE_OBJC_ARC = YES;
				CLANG_ENABLE_OBJC_WEAK = YES;
				CLANG_WARN_BLOCK_CAPTURE_AUTORELEASING = YES;
				CLANG_WARN_BOOL_CONVERSION = YES;
				CLANG_WARN_COMMA = YES;
				CLANG_WARN_CONSTANT_CONVERSION = YES;
				CLANG_WARN_DEPRECATED_OBJC_IMPLEMENTATIONS = YES;
				CLANG_WARN_DIRECT_OBJC_ISA_USAGE = YES_ERROR;
				CLANG_WARN_DOCUMENTATION_COMMENTS = YES;
				CLANG_WARN_EMPTY_BODY = YES;
				CLANG_WARN_ENUM_CONVERSION = YES;
				CLANG_WARN_INFINITE_RECURSION = YES;
				CLANG_WARN_INT_CONVERSION = YES;
				CLANG_WARN_NON_LITERAL_NULL_CONVERSION = YES;
				CLANG_WARN_OBJC_IMPLICIT_RETAIN_SELF = YES;
				CLANG_WARN_OBJC_LITERAL_CONVERSION = YES;
				CLANG_WARN_OBJC_ROOT_CLASS = YES_ERROR;
				CLANG_WARN_QUOTED_INCLUDE_IN_FRAMEWORK_HEADER = YES;
				CLANG_WARN_RANGE_LOOP_ANALYSIS = YES;
				CLANG_WARN_STRICT_PROTOTYPES = YES;
				CLANG_WARN_SUSPICIOUS_MOVE = YES;
				CLANG_WARN_UNGUARDED_AVAILABILITY = YES_AGGRESSIVE;
				CLANG_WARN_UNREACHABLE_CODE = YES;
				CLANG_WARN__DUPLICATE_METHOD_MATCH = YES;
				COPY_PHASE_STRIP = NO;
				DEBUG_INFORMATION_FORMAT = "dwarf-with-dsym";
				ENABLE_NS_ASSERTIONS = NO;
				ENABLE_STRICT_OBJC_MSGSEND = YES;
				GCC_C_LANGUAGE_STANDARD = gnu11;
				GCC_NO_COMMON_BLOCKS = YES;
				GCC_WARN_64_TO_32_BIT_CONVERSION = YES;
				GCC_WARN_ABOUT_RETURN_TYPE = YES_ERROR;
				GCC_WARN_UNDECLARED_SELECTOR = YES;
				GCC_WARN_UNINITIALIZED_AUTOS = YES_AGGRESSIVE;
				GCC_WARN_UNUSED_FUNCTION = YES;
				GCC_WARN_UNUSED_VARIABLE = YES;
				IPHONEOS_DEPLOYMENT_TARGET = 15.5;
				MTL_ENABLE_DEBUG_INFO = NO;
				MTL_FAST_MATH = YES;
				SDKROOT = iphoneos;
				SWIFT_COMPILATION_MODE = wholemodule;
				SWIFT_OPTIMIZATION_LEVEL = "-O";
				VALIDATE_PRODUCT = YES;
			};
			name = Release;
		};
		ED5347552845A8AA0025E27D /* Debug */ = {
			isa = XCBuildConfiguration;
			buildSettings = {
				ASSETCATALOG_COMPILER_APPICON_NAME = AppIcon;
				ASSETCATALOG_COMPILER_GLOBAL_ACCENT_COLOR_NAME = AccentColor;
				CODE_SIGN_STYLE = Automatic;
				CURRENT_PROJECT_VERSION = 1;
				DEVELOPMENT_TEAM = 7ZH78K95TZ;
				GENERATE_INFOPLIST_FILE = YES;
				INFOPLIST_FILE = Delegate/Info.plist;
				INFOPLIST_KEY_UIApplicationSupportsIndirectInputEvents = YES;
				INFOPLIST_KEY_UILaunchStoryboardName = LaunchScreen;
				INFOPLIST_KEY_UISupportedInterfaceOrientations_iPad = "UIInterfaceOrientationPortrait UIInterfaceOrientationPortraitUpsideDown UIInterfaceOrientationLandscapeLeft UIInterfaceOrientationLandscapeRight";
				INFOPLIST_KEY_UISupportedInterfaceOrientations_iPhone = "UIInterfaceOrientationPortrait UIInterfaceOrientationLandscapeLeft UIInterfaceOrientationLandscapeRight";
				LD_RUNPATH_SEARCH_PATHS = (
					"$(inherited)",
					"@executable_path/Frameworks",
				);
				MARKETING_VERSION = 1.0;
				PRODUCT_BUNDLE_IDENTIFIER = com.brandonrodriguez.Delegate;
				PRODUCT_NAME = "$(TARGET_NAME)";
				SWIFT_EMIT_LOC_STRINGS = YES;
				SWIFT_VERSION = 5.0;
				TARGETED_DEVICE_FAMILY = "1,2";
			};
			name = Debug;
		};
		ED5347562845A8AA0025E27D /* Release */ = {
			isa = XCBuildConfiguration;
			buildSettings = {
				ASSETCATALOG_COMPILER_APPICON_NAME = AppIcon;
				ASSETCATALOG_COMPILER_GLOBAL_ACCENT_COLOR_NAME = AccentColor;
				CODE_SIGN_STYLE = Automatic;
				CURRENT_PROJECT_VERSION = 1;
				DEVELOPMENT_TEAM = 7ZH78K95TZ;
				GENERATE_INFOPLIST_FILE = YES;
				INFOPLIST_FILE = Delegate/Info.plist;
				INFOPLIST_KEY_UIApplicationSupportsIndirectInputEvents = YES;
				INFOPLIST_KEY_UILaunchStoryboardName = LaunchScreen;
				INFOPLIST_KEY_UISupportedInterfaceOrientations_iPad = "UIInterfaceOrientationPortrait UIInterfaceOrientationPortraitUpsideDown UIInterfaceOrientationLandscapeLeft UIInterfaceOrientationLandscapeRight";
				INFOPLIST_KEY_UISupportedInterfaceOrientations_iPhone = "UIInterfaceOrientationPortrait UIInterfaceOrientationLandscapeLeft UIInterfaceOrientationLandscapeRight";
				LD_RUNPATH_SEARCH_PATHS = (
					"$(inherited)",
					"@executable_path/Frameworks",
				);
				MARKETING_VERSION = 1.0;
				PRODUCT_BUNDLE_IDENTIFIER = com.brandonrodriguez.Delegate;
				PRODUCT_NAME = "$(TARGET_NAME)";
				SWIFT_EMIT_LOC_STRINGS = YES;
				SWIFT_VERSION = 5.0;
				TARGETED_DEVICE_FAMILY = "1,2";
			};
			name = Release;
		};
/* End XCBuildConfiguration section */

/* Begin XCConfigurationList section */
		ED53473B2845A8A50025E27D /* Build configuration list for PBXProject "Delegate" */ = {
			isa = XCConfigurationList;
			buildConfigurations = (
				ED5347522845A8AA0025E27D /* Debug */,
				ED5347532845A8AA0025E27D /* Release */,
			);
			defaultConfigurationIsVisible = 0;
			defaultConfigurationName = Release;
		};
		ED5347542845A8AA0025E27D /* Build configuration list for PBXNativeTarget "Delegate" */ = {
			isa = XCConfigurationList;
			buildConfigurations = (
				ED5347552845A8AA0025E27D /* Debug */,
				ED5347562845A8AA0025E27D /* Release */,
			);
			defaultConfigurationIsVisible = 0;
			defaultConfigurationName = Release;
		};
/* End XCConfigurationList section */
	};
	rootObject = ED5347382845A8A50025E27D /* Project object */;
}
